<Solution>
  <Folder Name="/01/">
    <Project Path="TheNumberIsOddOrNot/TheNumberIsOddOrNot.csproj" Id="545b67da-013a-4cbd-8762-a62645e84967" />
  </Folder>
  <Folder Name="/02/">
    <Project Path="TheNumberIsGreaterOrLess/TheNumberIsGreaterOrLess.csproj" Id="7b0a6009-d79f-4643-8b14-acb29fa37e3c" />
  </Folder>
  <Folder Name="/03/">
    <Project Path="OrderingOfThreeNumbers/OrderingOfThreeNumbers.csproj" Id="ebbd132f-8afa-4303-b6a7-f77d06906297" />
  </Folder>
  <Folder Name="/04/">
    <Project Path="ANumberIsAMultipleOfAnother/ANumberIsAMultipleOfAnother.csproj" Id="9ea4cf87-2a9e-4806-b6f1-3726d3a51678" />
  </Folder>
  <Folder Name="/05/">
    <Project Path="LeapYear/LeapYear.csproj" Id="ab0f0d60-7057-4011-938d-af48a7f8f318" />
  </Folder>
  <Folder Name="/06/">
    <Project Path="SimplePayroll/SimplePayroll.csproj" Id="75227a90-c6ad-4370-9e6e-66c146462def" />
  </Folder>
  <Folder Name="/07/">
    <Project Path="Discount/Discount.csproj" Id="8133d27f-e3d9-4efa-a267-7b925c6a4786" />
  </Folder>
  <Folder Name="/08/">
    <Project Path="TuitionFee/TuitionFee.csproj" Id="9520166f-9db8-4681-a58e-9968b5894bcf" />
  </Folder>
</Solution>
